
Microsoft Visual Studio Solution File, Format Version 12.00
# Visual Studio 15
VisualStudioVersion = 15.0.26124.0
MinimumVisualStudioVersion = 15.0.26124.0
Project("{FAE04EC0-301F-11D3-BF4B-00C04F79EFBC}") = "SpendingsDataTransferer.Lib", "SpendingsDataTransferer.Lib\SpendingsDataTransferer.Lib.csproj", "{8AACAF46-23ED-493A-8B6E-D4DC20390FB3}"
EndProject
Project("{FAE04EC0-301F-11D3-BF4B-00C04F79EFBC}") = "SpendingsDataTransferer.Test", "SpendingsDataTransferer.Test\SpendingsDataTransferer.Test.csproj", "{0368F8B0-89A3-4113-9AB7-225804ADE5F8}"
EndProject
Project("{FAE04EC0-301F-11D3-BF4B-00C04F79EFBC}") = "SpendingsDataTransferer.App", "SpendingsDataTransferer.App\SpendingsDataTransferer.App.csproj", "{DA96C072-48A9-4372-977B-664CEE73E897}"
EndProject
Global
	GlobalSection(SolutionConfigurationPlatforms) = preSolution
		Debug|Any CPU = Debug|Any CPU
		Debug|x64 = Debug|x64
		Debug|x86 = Debug|x86
		Release|Any CPU = Release|Any CPU
		Release|x64 = Release|x64
		Release|x86 = Release|x86
	EndGlobalSection
	GlobalSection(SolutionProperties) = preSolution
		HideSolutionNode = FALSE
	EndGlobalSection
	GlobalSection(ProjectConfigurationPlatforms) = postSolution
		{8AACAF46-23ED-493A-8B6E-D4DC20390FB3}.Debug|Any CPU.ActiveCfg = Debug|Any CPU
		{8AACAF46-23ED-493A-8B6E-D4DC20390FB3}.Debug|Any CPU.Build.0 = Debug|Any CPU
		{8AACAF46-23ED-493A-8B6E-D4DC20390FB3}.Debug|x64.ActiveCfg = Debug|Any CPU
		{8AACAF46-23ED-493A-8B6E-D4DC20390FB3}.Debug|x64.Build.0 = Debug|Any CPU
		{8AACAF46-23ED-493A-8B6E-D4DC20390FB3}.Debug|x86.ActiveCfg = Debug|Any CPU
		{8AACAF46-23ED-493A-8B6E-D4DC20390FB3}.Debug|x86.Build.0 = Debug|Any CPU
		{8AACAF46-23ED-493A-8B6E-D4DC20390FB3}.Release|Any CPU.ActiveCfg = Release|Any CPU
		{8AACAF46-23ED-493A-8B6E-D4DC20390FB3}.Release|Any CPU.Build.0 = Release|Any CPU
		{8AACAF46-23ED-493A-8B6E-D4DC20390FB3}.Release|x64.ActiveCfg = Release|Any CPU
		{8AACAF46-23ED-493A-8B6E-D4DC20390FB3}.Release|x64.Build.0 = Release|Any CPU
		{8AACAF46-23ED-493A-8B6E-D4DC20390FB3}.Release|x86.ActiveCfg = Release|Any CPU
		{8AACAF46-23ED-493A-8B6E-D4DC20390FB3}.Release|x86.Build.0 = Release|Any CPU
		{0368F8B0-89A3-4113-9AB7-225804ADE5F8}.Debug|Any CPU.ActiveCfg = Debug|Any CPU
		{0368F8B0-89A3-4113-9AB7-225804ADE5F8}.Debug|Any CPU.Build.0 = Debug|Any CPU
		{0368F8B0-89A3-4113-9AB7-225804ADE5F8}.Debug|x64.ActiveCfg = Debug|Any CPU
		{0368F8B0-89A3-4113-9AB7-225804ADE5F8}.Debug|x64.Build.0 = Debug|Any CPU
		{0368F8B0-89A3-4113-9AB7-225804ADE5F8}.Debug|x86.ActiveCfg = Debug|Any CPU
		{0368F8B0-89A3-4113-9AB7-225804ADE5F8}.Debug|x86.Build.0 = Debug|Any CPU
		{0368F8B0-89A3-4113-9AB7-225804ADE5F8}.Release|Any CPU.ActiveCfg = Release|Any CPU
		{0368F8B0-89A3-4113-9AB7-225804ADE5F8}.Release|Any CPU.Build.0 = Release|Any CPU
		{0368F8B0-89A3-4113-9AB7-225804ADE5F8}.Release|x64.ActiveCfg = Release|Any CPU
		{0368F8B0-89A3-4113-9AB7-225804ADE5F8}.Release|x64.Build.0 = Release|Any CPU
		{0368F8B0-89A3-4113-9AB7-225804ADE5F8}.Release|x86.ActiveCfg = Release|Any CPU
		{0368F8B0-89A3-4113-9AB7-225804ADE5F8}.Release|x86.Build.0 = Release|Any CPU
		{DA96C072-48A9-4372-977B-664CEE73E897}.Debug|Any CPU.ActiveCfg = Debug|Any CPU
		{DA96C072-48A9-4372-977B-664CEE73E897}.Debug|Any CPU.Build.0 = Debug|Any CPU
		{DA96C072-48A9-4372-977B-664CEE73E897}.Debug|x64.ActiveCfg = Debug|Any CPU
		{DA96C072-48A9-4372-977B-664CEE73E897}.Debug|x64.Build.0 = Debug|Any CPU
		{DA96C072-48A9-4372-977B-664CEE73E897}.Debug|x86.ActiveCfg = Debug|Any CPU
		{DA96C072-48A9-4372-977B-664CEE73E897}.Debug|x86.Build.0 = Debug|Any CPU
		{DA96C072-48A9-4372-977B-664CEE73E897}.Release|Any CPU.ActiveCfg = Release|Any CPU
		{DA96C072-48A9-4372-977B-664CEE73E897}.Release|Any CPU.Build.0 = Release|Any CPU
		{DA96C072-48A9-4372-977B-664CEE73E897}.Release|x64.ActiveCfg = Release|Any CPU
		{DA96C072-48A9-4372-977B-664CEE73E897}.Release|x64.Build.0 = Release|Any CPU
		{DA96C072-48A9-4372-977B-664CEE73E897}.Release|x86.ActiveCfg = Release|Any CPU
		{DA96C072-48A9-4372-977B-664CEE73E897}.Release|x86.Build.0 = Release|Any CPU
	EndGlobalSection
EndGlobal
